// !$*UTF8*$!
{
	archiveVersion = 1;
	classes = {
	};
	objectVersion = 46;
	objects = {

/* Begin PBXBuildFile section */
		1DA4EABE1A64642600CCE4E2 /* AppDelegate.swift in Sources */ = {isa = PBXBuildFile; fileRef = 1DA4EABD1A64642600CCE4E2 /* AppDelegate.swift */; };
		1DA4EAC51A64642600CCE4E2 /* Images.xcassets in Resources */ = {isa = PBXBuildFile; fileRef = 1DA4EAC41A64642600CCE4E2 /* Images.xcassets */; };
		1DA4EAC81A64642600CCE4E2 /* LaunchScreen.xib in Resources */ = {isa = PBXBuildFile; fileRef = 1DA4EAC61A64642600CCE4E2 /* LaunchScreen.xib */; };
		1DA4EAD41A64642600CCE4E2 /* photoFilterTests.swift in Sources */ = {isa = PBXBuildFile; fileRef = 1DA4EAD31A64642600CCE4E2 /* photoFilterTests.swift */; };
		1DA4EAE91A64664600CCE4E2 /* HomeViewController.swift in Sources */ = {isa = PBXBuildFile; fileRef = 1DA4EAE81A64664600CCE4E2 /* HomeViewController.swift */; };
		1DA4EAEB1A64665900CCE4E2 /* GalleryViewController.swift in Sources */ = {isa = PBXBuildFile; fileRef = 1DA4EAEA1A64665900CCE4E2 /* GalleryViewController.swift */; };
		1DA4EAF21A64682200CCE4E2 /* image1.jpg in Resources */ = {isa = PBXBuildFile; fileRef = 1DA4EAEC1A64682200CCE4E2 /* image1.jpg */; };
		1DA4EAF31A64682200CCE4E2 /* image2.jpg in Resources */ = {isa = PBXBuildFile; fileRef = 1DA4EAED1A64682200CCE4E2 /* image2.jpg */; };
		1DA4EAF41A64682200CCE4E2 /* image3.jpg in Resources */ = {isa = PBXBuildFile; fileRef = 1DA4EAEE1A64682200CCE4E2 /* image3.jpg */; };
		1DA4EAF51A64682200CCE4E2 /* image4.jpg in Resources */ = {isa = PBXBuildFile; fileRef = 1DA4EAEF1A64682200CCE4E2 /* image4.jpg */; };
		1DA4EAF61A64682200CCE4E2 /* image5.jpg in Resources */ = {isa = PBXBuildFile; fileRef = 1DA4EAF01A64682200CCE4E2 /* image5.jpg */; };
		1DA4EAF71A64682200CCE4E2 /* image6.jpg in Resources */ = {isa = PBXBuildFile; fileRef = 1DA4EAF11A64682200CCE4E2 /* image6.jpg */; };
		1DA4EAFC1A6483E800CCE4E2 /* image7.jpg in Resources */ = {isa = PBXBuildFile; fileRef = 1DA4EAF81A6483E800CCE4E2 /* image7.jpg */; };
		1DA4EAFD1A6483E800CCE4E2 /* image8.jpg in Resources */ = {isa = PBXBuildFile; fileRef = 1DA4EAF91A6483E800CCE4E2 /* image8.jpg */; };
		1DA4EAFE1A6483E800CCE4E2 /* image9.jpg in Resources */ = {isa = PBXBuildFile; fileRef = 1DA4EAFA1A6483E800CCE4E2 /* image9.jpg */; };
		1DA4EAFF1A6483E800CCE4E2 /* image10.jpg in Resources */ = {isa = PBXBuildFile; fileRef = 1DA4EAFB1A6483E800CCE4E2 /* image10.jpg */; };
		1DD9D6D21A672A40004CD44F /* Photo.swift in Sources */ = {isa = PBXBuildFile; fileRef = 1DD9D6D11A672A40004CD44F /* Photo.swift */; };
		1DE5822F1A65C126000F90B5 /* GalleryCell.swift in Sources */ = {isa = PBXBuildFile; fileRef = 1DE5822E1A65C126000F90B5 /* GalleryCell.swift */; };
		1DE582311A65C414000F90B5 /* Protocols.swift in Sources */ = {isa = PBXBuildFile; fileRef = 1DE582301A65C414000F90B5 /* Protocols.swift */; };
		1DE582331A65CA12000F90B5 /* Images.swift in Sources */ = {isa = PBXBuildFile; fileRef = 1DE582321A65CA12000F90B5 /* Images.swift */; };
		1DE582371A65E1F6000F90B5 /* FilterCell.swift in Sources */ = {isa = PBXBuildFile; fileRef = 1DE582361A65E1F6000F90B5 /* FilterCell.swift */; };
		1DE5823B1A670FF1000F90B5 /* PhotoViewController.swift in Sources */ = {isa = PBXBuildFile; fileRef = 1DE5823A1A670FF1000F90B5 /* PhotoViewController.swift */; };
/* End PBXBuildFile section */

/* Begin PBXContainerItemProxy section */
		1DA4EACE1A64642600CCE4E2 /* PBXContainerItemProxy */ = {
			isa = PBXContainerItemProxy;
			containerPortal = 1DA4EAB01A64642600CCE4E2 /* Project object */;
			proxyType = 1;
			remoteGlobalIDString = 1DA4EAB71A64642600CCE4E2;
			remoteInfo = photoFilter;
		};
/* End PBXContainerItemProxy section */

/* Begin PBXFileReference section */
		1DA4EAB81A64642600CCE4E2 /* photoFilter.app */ = {isa = PBXFileReference; explicitFileType = wrapper.application; includeInIndex = 0; path = photoFilter.app; sourceTree = BUILT_PRODUCTS_DIR; };
		1DA4EABC1A64642600CCE4E2 /* Info.plist */ = {isa = PBXFileReference; lastKnownFileType = text.plist.xml; path = Info.plist; sourceTree = "<group>"; };
		1DA4EABD1A64642600CCE4E2 /* AppDelegate.swift */ = {isa = PBXFileReference; lastKnownFileType = sourcecode.swift; path = AppDelegate.swift; sourceTree = "<group>"; };
		1DA4EAC41A64642600CCE4E2 /* Images.xcassets */ = {isa = PBXFileReference; lastKnownFileType = folder.assetcatalog; path = Images.xcassets; sourceTree = "<group>"; };
		1DA4EAC71A64642600CCE4E2 /* Base */ = {isa = PBXFileReference; lastKnownFileType = file.xib; name = Base; path = Base.lproj/LaunchScreen.xib; sourceTree = "<group>"; };
		1DA4EACD1A64642600CCE4E2 /* photoFilterTests.xctest */ = {isa = PBXFileReference; explicitFileType = wrapper.cfbundle; includeInIndex = 0; path = photoFilterTests.xctest; sourceTree = BUILT_PRODUCTS_DIR; };
		1DA4EAD21A64642600CCE4E2 /* Info.plist */ = {isa = PBXFileReference; lastKnownFileType = text.plist.xml; path = Info.plist; sourceTree = "<group>"; };
		1DA4EAD31A64642600CCE4E2 /* photoFilterTests.swift */ = {isa = PBXFileReference; lastKnownFileType = sourcecode.swift; path = photoFilterTests.swift; sourceTree = "<group>"; };
		1DA4EAE81A64664600CCE4E2 /* HomeViewController.swift */ = {isa = PBXFileReference; fileEncoding = 4; lastKnownFileType = sourcecode.swift; path = HomeViewController.swift; sourceTree = "<group>"; };
		1DA4EAEA1A64665900CCE4E2 /* GalleryViewController.swift */ = {isa = PBXFileReference; fileEncoding = 4; lastKnownFileType = sourcecode.swift; path = GalleryViewController.swift; sourceTree = "<group>"; };
		1DA4EAEC1A64682200CCE4E2 /* image1.jpg */ = {isa = PBXFileReference; lastKnownFileType = image.jpeg; path = image1.jpg; sourceTree = "<group>"; };
		1DA4EAED1A64682200CCE4E2 /* image2.jpg */ = {isa = PBXFileReference; lastKnownFileType = image.jpeg; path = image2.jpg; sourceTree = "<group>"; };
		1DA4EAEE1A64682200CCE4E2 /* image3.jpg */ = {isa = PBXFileReference; lastKnownFileType = image.jpeg; path = image3.jpg; sourceTree = "<group>"; };
		1DA4EAEF1A64682200CCE4E2 /* image4.jpg */ = {isa = PBXFileReference; lastKnownFileType = image.jpeg; path = image4.jpg; sourceTree = "<group>"; };
		1DA4EAF01A64682200CCE4E2 /* image5.jpg */ = {isa = PBXFileReference; lastKnownFileType = image.jpeg; path = image5.jpg; sourceTree = "<group>"; };
		1DA4EAF11A64682200CCE4E2 /* image6.jpg */ = {isa = PBXFileReference; lastKnownFileType = image.jpeg; path = image6.jpg; sourceTree = "<group>"; };
		1DA4EAF81A6483E800CCE4E2 /* image7.jpg */ = {isa = PBXFileReference; lastKnownFileType = image.jpeg; path = image7.jpg; sourceTree = "<group>"; };
		1DA4EAF91A6483E800CCE4E2 /* image8.jpg */ = {isa = PBXFileReference; lastKnownFileType = image.jpeg; path = image8.jpg; sourceTree = "<group>"; };
		1DA4EAFA1A6483E800CCE4E2 /* image9.jpg */ = {isa = PBXFileReference; lastKnownFileType = image.jpeg; path = image9.jpg; sourceTree = "<group>"; };
		1DA4EAFB1A6483E800CCE4E2 /* image10.jpg */ = {isa = PBXFileReference; lastKnownFileType = image.jpeg; path = image10.jpg; sourceTree = "<group>"; };
		1DD9D6D11A672A40004CD44F /* Photo.swift */ = {isa = PBXFileReference; fileEncoding = 4; lastKnownFileType = sourcecode.swift; path = Photo.swift; sourceTree = "<group>"; };
		1DE5822E1A65C126000F90B5 /* GalleryCell.swift */ = {isa = PBXFileReference; fileEncoding = 4; lastKnownFileType = sourcecode.swift; path = GalleryCell.swift; sourceTree = "<group>"; };
		1DE582301A65C414000F90B5 /* Protocols.swift */ = {isa = PBXFileReference; fileEncoding = 4; lastKnownFileType = sourcecode.swift; path = Protocols.swift; sourceTree = "<group>"; };
		1DE582321A65CA12000F90B5 /* Images.swift */ = {isa = PBXFileReference; fileEncoding = 4; lastKnownFileType = sourcecode.swift; path = Images.swift; sourceTree = "<group>"; };
		1DE582361A65E1F6000F90B5 /* FilterCell.swift */ = {isa = PBXFileReference; fileEncoding = 4; lastKnownFileType = sourcecode.swift; path = FilterCell.swift; sourceTree = "<group>"; };
		1DE5823A1A670FF1000F90B5 /* PhotoViewController.swift */ = {isa = PBXFileReference; fileEncoding = 4; lastKnownFileType = sourcecode.swift; path = PhotoViewController.swift; sourceTree = "<group>"; };
/* End PBXFileReference section */

/* Begin PBXFrameworksBuildPhase section */
		1DA4EAB51A64642600CCE4E2 /* Frameworks */ = {
			isa = PBXFrameworksBuildPhase;
			buildActionMask = 2147483647;
			files = (
			);
			runOnlyForDeploymentPostprocessing = 0;
		};
		1DA4EACA1A64642600CCE4E2 /* Frameworks */ = {
			isa = PBXFrameworksBuildPhase;
			buildActionMask = 2147483647;
			files = (
			);
			runOnlyForDeploymentPostprocessing = 0;
		};
/* End PBXFrameworksBuildPhase section */

/* Begin PBXGroup section */
		1DA4EAAF1A64642600CCE4E2 = {
			isa = PBXGroup;
			children = (
				1DA4EABA1A64642600CCE4E2 /* photoFilter */,
				1DA4EAD01A64642600CCE4E2 /* photoFilterTests */,
				1DA4EAB91A64642600CCE4E2 /* Products */,
			);
			sourceTree = "<group>";
		};
		1DA4EAB91A64642600CCE4E2 /* Products */ = {
			isa = PBXGroup;
			children = (
				1DA4EAB81A64642600CCE4E2 /* photoFilter.app */,
				1DA4EACD1A64642600CCE4E2 /* photoFilterTests.xctest */,
			);
			name = Products;
			sourceTree = "<group>";
		};
		1DA4EABA1A64642600CCE4E2 /* photoFilter */ = {
			isa = PBXGroup;
			children = (
				1DA4EADD1A64653500CCE4E2 /* Models */,
				1DA4EADE1A64654000CCE4E2 /* Views */,
				1DA4EADF1A64654D00CCE4E2 /* Controllers */,
				1DA4EABD1A64642600CCE4E2 /* AppDelegate.swift */,
				1DA4EAC41A64642600CCE4E2 /* Images.xcassets */,
				1DA4EAC61A64642600CCE4E2 /* LaunchScreen.xib */,
				1DA4EABB1A64642600CCE4E2 /* Supporting Files */,
			);
			path = photoFilter;
			sourceTree = "<group>";
		};
		1DA4EABB1A64642600CCE4E2 /* Supporting Files */ = {
			isa = PBXGroup;
			children = (
				1DA4EAEC1A64682200CCE4E2 /* image1.jpg */,
				1DA4EAF81A6483E800CCE4E2 /* image7.jpg */,
				1DA4EAF91A6483E800CCE4E2 /* image8.jpg */,
				1DA4EAFA1A6483E800CCE4E2 /* image9.jpg */,
				1DA4EAFB1A6483E800CCE4E2 /* image10.jpg */,
				1DA4EAED1A64682200CCE4E2 /* image2.jpg */,
				1DA4EAEE1A64682200CCE4E2 /* image3.jpg */,
				1DA4EAEF1A64682200CCE4E2 /* image4.jpg */,
				1DA4EAF01A64682200CCE4E2 /* image5.jpg */,
				1DA4EAF11A64682200CCE4E2 /* image6.jpg */,
				1DA4EABC1A64642600CCE4E2 /* Info.plist */,
			);
			name = "Supporting Files";
			sourceTree = "<group>";
		};
		1DA4EAD01A64642600CCE4E2 /* photoFilterTests */ = {
			isa = PBXGroup;
			children = (
				1DA4EAD31A64642600CCE4E2 /* photoFilterTests.swift */,
				1DA4EAD11A64642600CCE4E2 /* Supporting Files */,
			);
			path = photoFilterTests;
			sourceTree = "<group>";
		};
		1DA4EAD11A64642600CCE4E2 /* Supporting Files */ = {
			isa = PBXGroup;
			children = (
				1DA4EAD21A64642600CCE4E2 /* Info.plist */,
			);
			name = "Supporting Files";
			sourceTree = "<group>";
		};
		1DA4EADD1A64653500CCE4E2 /* Models */ = {
			isa = PBXGroup;
			children = (
				1DE582321A65CA12000F90B5 /* Images.swift */,
				1DD9D6D11A672A40004CD44F /* Photo.swift */,
			);
			name = Models;
			sourceTree = "<group>";
		};
		1DA4EADE1A64654000CCE4E2 /* Views */ = {
			isa = PBXGroup;
			children = (
				1DE5822E1A65C126000F90B5 /* GalleryCell.swift */,
				1DE582361A65E1F6000F90B5 /* FilterCell.swift */,
			);
			name = Views;
			sourceTree = "<group>";
		};
		1DA4EADF1A64654D00CCE4E2 /* Controllers */ = {
			isa = PBXGroup;
			children = (
				1DA4EAE81A64664600CCE4E2 /* HomeViewController.swift */,
				1DA4EAEA1A64665900CCE4E2 /* GalleryViewController.swift */,
				1DE582301A65C414000F90B5 /* Protocols.swift */,
				1DE5823A1A670FF1000F90B5 /* PhotoViewController.swift */,
			);
			name = Controllers;
			sourceTree = "<group>";
		};
/* End PBXGroup section */

/* Begin PBXNativeTarget section */
		1DA4EAB71A64642600CCE4E2 /* photoFilter */ = {
			isa = PBXNativeTarget;
			buildConfigurationList = 1DA4EAD71A64642600CCE4E2 /* Build configuration list for PBXNativeTarget "photoFilter" */;
			buildPhases = (
				1DA4EAB41A64642600CCE4E2 /* Sources */,
				1DA4EAB51A64642600CCE4E2 /* Frameworks */,
				1DA4EAB61A64642600CCE4E2 /* Resources */,
			);
			buildRules = (
			);
			dependencies = (
			);
			name = photoFilter;
			productName = photoFilter;
			productReference = 1DA4EAB81A64642600CCE4E2 /* photoFilter.app */;
			productType = "com.apple.product-type.application";
		};
		1DA4EACC1A64642600CCE4E2 /* photoFilterTests */ = {
			isa = PBXNativeTarget;
			buildConfigurationList = 1DA4EADA1A64642600CCE4E2 /* Build configuration list for PBXNativeTarget "photoFilterTests" */;
			buildPhases = (
				1DA4EAC91A64642600CCE4E2 /* Sources */,
				1DA4EACA1A64642600CCE4E2 /* Frameworks */,
				1DA4EACB1A64642600CCE4E2 /* Resources */,
			);
			buildRules = (
			);
			dependencies = (
				1DA4EACF1A64642600CCE4E2 /* PBXTargetDependency */,
			);
			name = photoFilterTests;
			productName = photoFilterTests;
			productReference = 1DA4EACD1A64642600CCE4E2 /* photoFilterTests.xctest */;
			productType = "com.apple.product-type.bundle.unit-test";
		};
/* End PBXNativeTarget section */

/* Begin PBXProject section */
		1DA4EAB01A64642600CCE4E2 /* Project object */ = {
			isa = PBXProject;
			attributes = {
				LastUpgradeCheck = 0610;
				ORGANIZATIONNAME = "Pho Diep";
				TargetAttributes = {
					1DA4EAB71A64642600CCE4E2 = {
						CreatedOnToolsVersion = 6.1.1;
					};
					1DA4EACC1A64642600CCE4E2 = {
						CreatedOnToolsVersion = 6.1.1;
						TestTargetID = 1DA4EAB71A64642600CCE4E2;
					};
				};
			};
			buildConfigurationList = 1DA4EAB31A64642600CCE4E2 /* Build configuration list for PBXProject "photoFilter" */;
			compatibilityVersion = "Xcode 3.2";
			developmentRegion = English;
			hasScannedForEncodings = 0;
			knownRegions = (
				en,
				Base,
			);
			mainGroup = 1DA4EAAF1A64642600CCE4E2;
			productRefGroup = 1DA4EAB91A64642600CCE4E2 /* Products */;
			projectDirPath = "";
			projectRoot = "";
			targets = (
				1DA4EAB71A64642600CCE4E2 /* photoFilter */,
				1DA4EACC1A64642600CCE4E2 /* photoFilterTests */,
			);
		};
/* End PBXProject section */

/* Begin PBXResourcesBuildPhase section */
		1DA4EAB61A64642600CCE4E2 /* Resources */ = {
			isa = PBXResourcesBuildPhase;
			buildActionMask = 2147483647;
			files = (
				1DA4EAC81A64642600CCE4E2 /* LaunchScreen.xib in Resources */,
				1DA4EAF41A64682200CCE4E2 /* image3.jpg in Resources */,
				1DA4EAFF1A6483E800CCE4E2 /* image10.jpg in Resources */,
				1DA4EAFC1A6483E800CCE4E2 /* image7.jpg in Resources */,
				1DA4EAF71A64682200CCE4E2 /* image6.jpg in Resources */,
				1DA4EAF51A64682200CCE4E2 /* image4.jpg in Resources */,
				1DA4EAF61A64682200CCE4E2 /* image5.jpg in Resources */,
				1DA4EAFD1A6483E800CCE4E2 /* image8.jpg in Resources */,
				1DA4EAC51A64642600CCE4E2 /* Images.xcassets in Resources */,
				1DA4EAF31A64682200CCE4E2 /* image2.jpg in Resources */,
				1DA4EAFE1A6483E800CCE4E2 /* image9.jpg in Resources */,
				1DA4EAF21A64682200CCE4E2 /* image1.jpg in Resources */,
			);
			runOnlyForDeploymentPostprocessing = 0;
		};
		1DA4EACB1A64642600CCE4E2 /* Resources */ = {
			isa = PBXResourcesBuildPhase;
			buildActionMask = 2147483647;
			files = (
			);
			runOnlyForDeploymentPostprocessing = 0;
		};
/* End PBXResourcesBuildPhase section */

/* Begin PBXSourcesBuildPhase section */
		1DA4EAB41A64642600CCE4E2 /* Sources */ = {
			isa = PBXSourcesBuildPhase;
			buildActionMask = 2147483647;
			files = (
				1DE582311A65C414000F90B5 /* Protocols.swift in Sources */,
				1DE582371A65E1F6000F90B5 /* FilterCell.swift in Sources */,
				1DE5822F1A65C126000F90B5 /* GalleryCell.swift in Sources */,
				1DA4EAEB1A64665900CCE4E2 /* GalleryViewController.swift in Sources */,
				1DE582331A65CA12000F90B5 /* Images.swift in Sources */,
				1DE5823B1A670FF1000F90B5 /* PhotoViewController.swift in Sources */,
				1DA4EAE91A64664600CCE4E2 /* HomeViewController.swift in Sources */,
				1DD9D6D21A672A40004CD44F /* Photo.swift in Sources */,
				1DA4EABE1A64642600CCE4E2 /* AppDelegate.swift in Sources */,
			);
			runOnlyForDeploymentPostprocessing = 0;
		};
		1DA4EAC91A64642600CCE4E2 /* Sources */ = {
			isa = PBXSourcesBuildPhase;
			buildActionMask = 2147483647;
			files = (
				1DA4EAD41A64642600CCE4E2 /* photoFilterTests.swift in Sources */,
			);
			runOnlyForDeploymentPostprocessing = 0;
		};
/* End PBXSourcesBuildPhase section */

/* Begin PBXTargetDependency section */
		1DA4EACF1A64642600CCE4E2 /* PBXTargetDependency */ = {
			isa = PBXTargetDependency;
			target = 1DA4EAB71A64642600CCE4E2 /* photoFilter */;
			targetProxy = 1DA4EACE1A64642600CCE4E2 /* PBXContainerItemProxy */;
		};
/* End PBXTargetDependency section */

/* Begin PBXVariantGroup section */
		1DA4EAC61A64642600CCE4E2 /* LaunchScreen.xib */ = {
			isa = PBXVariantGroup;
			children = (
				1DA4EAC71A64642600CCE4E2 /* Base */,
			);
			name = LaunchScreen.xib;
			sourceTree = "<group>";
		};
/* End PBXVariantGroup section */

/* Begin XCBuildConfiguration section */
		1DA4EAD51A64642600CCE4E2 /* Debug */ = {
			isa = XCBuildConfiguration;
			buildSettings = {
				ALWAYS_SEARCH_USER_PATHS = NO;
				CLANG_CXX_LANGUAGE_STANDARD = "gnu++0x";
				CLANG_CXX_LIBRARY = "libc++";
				CLANG_ENABLE_MODULES = YES;
				CLANG_ENABLE_OBJC_ARC = YES;
				CLANG_WARN_BOOL_CONVERSION = YES;
				CLANG_WARN_CONSTANT_CONVERSION = YES;
				CLANG_WARN_DIRECT_OBJC_ISA_USAGE = YES_ERROR;
				CLANG_WARN_EMPTY_BODY = YES;
				CLANG_WARN_ENUM_CONVERSION = YES;
				CLANG_WARN_INT_CONVERSION = YES;
				CLANG_WARN_OBJC_ROOT_CLASS = YES_ERROR;
				CLANG_WARN_UNREACHABLE_CODE = YES;
				CLANG_WARN__DUPLICATE_METHOD_MATCH = YES;
				"CODE_SIGN_IDENTITY[sdk=iphoneos*]" = "iPhone Developer";
				COPY_PHASE_STRIP = NO;
				ENABLE_STRICT_OBJC_MSGSEND = YES;
				GCC_C_LANGUAGE_STANDARD = gnu99;
				GCC_DYNAMIC_NO_PIC = NO;
				GCC_OPTIMIZATION_LEVEL = 0;
				GCC_PREPROCESSOR_DEFINITIONS = (
					"DEBUG=1",
					"$(inherited)",
				);
				GCC_SYMBOLS_PRIVATE_EXTERN = NO;
				GCC_WARN_64_TO_32_BIT_CONVERSION = YES;
				GCC_WARN_ABOUT_RETURN_TYPE = YES_ERROR;
				GCC_WARN_UNDECLARED_SELECTOR = YES;
				GCC_WARN_UNINITIALIZED_AUTOS = YES_AGGRESSIVE;
				GCC_WARN_UNUSED_FUNCTION = YES;
				GCC_WARN_UNUSED_VARIABLE = YES;
				IPHONEOS_DEPLOYMENT_TARGET = 8.1;
				MTL_ENABLE_DEBUG_INFO = YES;
				ONLY_ACTIVE_ARCH = YES;
				SDKROOT = iphoneos;
				SWIFT_OPTIMIZATION_LEVEL = "-Onone";
			};
			name = Debug;
		};
		1DA4EAD61A64642600CCE4E2 /* Release */ = {
			isa = XCBuildConfiguration;
			buildSettings = {
				ALWAYS_SEARCH_USER_PATHS = NO;
				CLANG_CXX_LANGUAGE_STANDARD = "gnu++0x";
				CLANG_CXX_LIBRARY = "libc++";
				CLANG_ENABLE_MODULES = YES;
				CLANG_ENABLE_OBJC_ARC = YES;
				CLANG_WARN_BOOL_CONVERSION = YES;
				CLANG_WARN_CONSTANT_CONVERSION = YES;
				CLANG_WARN_DIRECT_OBJC_ISA_USAGE = YES_ERROR;
				CLANG_WARN_EMPTY_BODY = YES;
				CLANG_WARN_ENUM_CONVERSION = YES;
				CLANG_WARN_INT_CONVERSION = YES;
				CLANG_WARN_OBJC_ROOT_CLASS = YES_ERROR;
				CLANG_WARN_UNREACHABLE_CODE = YES;
				CLANG_WARN__DUPLICATE_METHOD_MATCH = YES;
				"CODE_SIGN_IDENTITY[sdk=iphoneos*]" = "iPhone Developer";
				COPY_PHASE_STRIP = YES;
				ENABLE_NS_ASSERTIONS = NO;
				ENABLE_STRICT_OBJC_MSGSEND = YES;
				GCC_C_LANGUAGE_STANDARD = gnu99;
				GCC_WARN_64_TO_32_BIT_CONVERSION = YES;
				GCC_WARN_ABOUT_RETURN_TYPE = YES_ERROR;
				GCC_WARN_UNDECLARED_SELECTOR = YES;
				GCC_WARN_UNINITIALIZED_AUTOS = YES_AGGRESSIVE;
				GCC_WARN_UNUSED_FUNCTION = YES;
				GCC_WARN_UNUSED_VARIABLE = YES;
				IPHONEOS_DEPLOYMENT_TARGET = 8.1;
				MTL_ENABLE_DEBUG_INFO = NO;
				SDKROOT = iphoneos;
				VALIDATE_PRODUCT = YES;
			};
			name = Release;
		};
		1DA4EAD81A64642600CCE4E2 /* Debug */ = {
			isa = XCBuildConfiguration;
			buildSettings = {
				ASSETCATALOG_COMPILER_APPICON_NAME = AppIcon;
				INFOPLIST_FILE = photoFilter/Info.plist;
				IPHONEOS_DEPLOYMENT_TARGET = 8.1;
				LD_RUNPATH_SEARCH_PATHS = "$(inherited) @executable_path/Frameworks";
				PRODUCT_NAME = "$(TARGET_NAME)";
			};
			name = Debug;
		};
		1DA4EAD91A64642600CCE4E2 /* Release */ = {
			isa = XCBuildConfiguration;
			buildSettings = {
				ASSETCATALOG_COMPILER_APPICON_NAME = AppIcon;
				INFOPLIST_FILE = photoFilter/Info.plist;
				IPHONEOS_DEPLOYMENT_TARGET = 8.1;
				LD_RUNPATH_SEARCH_PATHS = "$(inherited) @executable_path/Frameworks";
				PRODUCT_NAME = "$(TARGET_NAME)";
			};
			name = Release;
		};
		1DA4EADB1A64642600CCE4E2 /* Debug */ = {
			isa = XCBuildConfiguration;
			buildSettings = {
				BUNDLE_LOADER = "$(TEST_HOST)";
				FRAMEWORK_SEARCH_PATHS = (
					"$(SDKROOT)/Developer/Library/Frameworks",
					"$(inherited)",
				);
				GCC_PREPROCESSOR_DEFINITIONS = (
					"DEBUG=1",
					"$(inherited)",
				);
				INFOPLIST_FILE = photoFilterTests/Info.plist;
				LD_RUNPATH_SEARCH_PATHS = "$(inherited) @executable_path/Frameworks @loader_path/Frameworks";
				PRODUCT_NAME = "$(TARGET_NAME)";
				TEST_HOST = "$(BUILT_PRODUCTS_DIR)/photoFilter.app/photoFilter";
			};
			name = Debug;
		};
		1DA4EADC1A64642600CCE4E2 /* Release */ = {
			isa = XCBuildConfiguration;
			buildSettings = {
				BUNDLE_LOADER = "$(TEST_HOST)";
				FRAMEWORK_SEARCH_PATHS = (
					"$(SDKROOT)/Developer/Library/Frameworks",
					"$(inherited)",
				);
				INFOPLIST_FILE = photoFilterTests/Info.plist;
				LD_RUNPATH_SEARCH_PATHS = "$(inherited) @executable_path/Frameworks @loader_path/Frameworks";
				PRODUCT_NAME = "$(TARGET_NAME)";
				TEST_HOST = "$(BUILT_PRODUCTS_DIR)/photoFilter.app/photoFilter";
			};
			name = Release;
		};
/* End XCBuildConfiguration section */

/* Begin XCConfigurationList section */
		1DA4EAB31A64642600CCE4E2 /* Build configuration list for PBXProject "photoFilter" */ = {
			isa = XCConfigurationList;
			buildConfigurations = (
				1DA4EAD51A64642600CCE4E2 /* Debug */,
				1DA4EAD61A64642600CCE4E2 /* Release */,
			);
			defaultConfigurationIsVisible = 0;
			defaultConfigurationName = Release;
		};
		1DA4EAD71A64642600CCE4E2 /* Build configuration list for PBXNativeTarget "photoFilter" */ = {
			isa = XCConfigurationList;
			buildConfigurations = (
				1DA4EAD81A64642600CCE4E2 /* Debug */,
				1DA4EAD91A64642600CCE4E2 /* Release */,
			);
			defaultConfigurationIsVisible = 0;
			defaultConfigurationName = Release;
		};
		1DA4EADA1A64642600CCE4E2 /* Build configuration list for PBXNativeTarget "photoFilterTests" */ = {
			isa = XCConfigurationList;
			buildConfigurations = (
				1DA4EADB1A64642600CCE4E2 /* Debug */,
				1DA4EADC1A64642600CCE4E2 /* Release */,
			);
			defaultConfigurationIsVisible = 0;
			defaultConfigurationName = Release;
		};
/* End XCConfigurationList section */
	};
	rootObject = 1DA4EAB01A64642600CCE4E2 /* Project object */;
}
